{
  "name": "simple",
  "version": "1.0.0",
  "lockfileVersion": 1,
  "requires": true,
  "dependencies": {
    "grpc-web": {
      "version": "1.2.0",
      "resolved": "https://registry.npmjs.org/grpc-web/-/grpc-web-1.2.0.tgz",
      "integrity": "sha512-QS0RF+xiWnMEiHWyA0A0I8JYYJLOiF/DGEpRQ7vJDOzEZYfmNqI7d7d29sYBbNfTi+arVh2JpeGIX7ch24a+tA=="
    }
  }
}
